
Microsoft Visual Studio Solution File, Format Version 12.00
# Visual Studio 15
VisualStudioVersion = 15.0.26730.12
MinimumVisualStudioVersion = 10.0.40219.1
Project("{FAE04EC0-301F-11D3-BF4B-00C04F79EFBC}") = "SQLLiteTest", "SQLLiteTest\SQLLiteTest.csproj", "{CEBAA7F8-4A86-4400-AAFE-5752ED22649F}"
EndProject
Global
	GlobalSection(SolutionConfigurationPlatforms) = preSolution
		Debug|Any CPU = Debug|Any CPU
		Release|Any CPU = Release|Any CPU
	EndGlobalSection
	GlobalSection(ProjectConfigurationPlatforms) = postSolution
		{CEBAA7F8-4A86-4400-AAFE-5752ED22649F}.Debug|Any CPU.ActiveCfg = Debug|Any CPU
		{CEBAA7F8-4A86-4400-AAFE-5752ED22649F}.Debug|Any CPU.Build.0 = Debug|Any CPU
		{CEBAA7F8-4A86-4400-AAFE-5752ED22649F}.Release|Any CPU.ActiveCfg = Release|Any CPU
		{CEBAA7F8-4A86-4400-AAFE-5752ED22649F}.Release|Any CPU.Build.0 = Release|Any CPU
	EndGlobalSection
	GlobalSection(SolutionProperties) = preSolution
		HideSolutionNode = FALSE
	EndGlobalSection
	GlobalSection(ExtensibilityGlobals) = postSolution
		SolutionGuid = {C7253179-7199-4AE9-9701-A8418197C85D}
	EndGlobalSection
EndGlobal
